# Generated by buf. DO NOT EDIT.
version: v2
deps:
  - name: buf.build/googleapis/googleapis
    commit: 004180b77378443887d3b55cabc00384
    digest: b5:e8f475fe3330f31f5fd86ac689093bcd274e19611a09db91f41d637cb9197881ce89882b94d13a58738e53c91c6e4bae7dc1feba85f590164c975a89e25115dc
  - name: buf.build/protocolbuffers/wellknowntypes
    commit: 9d16d599a978406980f6e2f081331a93
    digest: b5:dd06e497a5c52f5ddf6ec02b3c7d289cc6c0432093fc2f6bf7a4fb5fae786c3e4c893e55d2759ffb6833268daf3de0bce303a406fed15725790528f2c27dc219
